PODS:
  - SnapKit (5.6.0)
  - ZXKitUtil (4.0.0):
    - ZXKitUtil/core (= 4.0.0)
  - ZXKitUtil/core (4.0.0)

DEPENDENCIES:
  - SnapKit
  - ZXKitUtil

SPEC REPOS:
  trunk:
    - SnapKit
    - ZXKitUtil

SPEC CHECKSUMS:
  SnapKit: e01d52ebb8ddbc333eefe2132acf85c8227d9c25
  ZXKitUtil: 0d23a979cdc7a7f9df0722148a613986ef007288

PODFILE CHECKSUM: a1135bec4cb4bf54df1d12baa930b92691e64240

COCOAPODS: 1.11.2
